// !$*UTF8*$!
{
	archiveVersion = 1;
	classes = {
	};
	objectVersion = 55;
	objects = {

/* Begin PBXBuildFile section */
		0B6CD35027023ABF00420171 /* SoundSizer2App.swift in Sources */ = {isa = PBXBuildFile; fileRef = 0B6CD34F27023ABF00420171 /* SoundSizer2App.swift */; };
		0B6CD35227023ABF00420171 /* ContentView.swift in Sources */ = {isa = PBXBuildFile; fileRef = 0B6CD35127023ABF00420171 /* ContentView.swift */; };
		0B6CD35427023AC100420171 /* Assets.xcassets in Resources */ = {isa = PBXBuildFile; fileRef = 0B6CD35327023AC100420171 /* Assets.xcassets */; };
		0B6CD35727023AC100420171 /* Preview Assets.xcassets in Resources */ = {isa = PBXBuildFile; fileRef = 0B6CD35627023AC100420171 /* Preview Assets.xcassets */; };
		0B6CD35E27023B3400420171 /* Synth.swift in Sources */ = {isa = PBXBuildFile; fileRef = 0B6CD35D27023B3400420171 /* Synth.swift */; };
		0B6CD36027023B6300420171 /* Oscilator.swift in Sources */ = {isa = PBXBuildFile; fileRef = 0B6CD35F27023B6300420171 /* Oscilator.swift */; };
		0B6CD3622703588D00420171 /* KeyboardView.swift in Sources */ = {isa = PBXBuildFile; fileRef = 0B6CD3612703588D00420171 /* KeyboardView.swift */; };
		0B6CD364270362C300420171 /* OctaveView.swift in Sources */ = {isa = PBXBuildFile; fileRef = 0B6CD363270362C300420171 /* OctaveView.swift */; };
		0B89D49627CF120A006FEB36 /* ChemicalWaveViewModel.swift in Sources */ = {isa = PBXBuildFile; fileRef = 0B89D49527CF120A006FEB36 /* ChemicalWaveViewModel.swift */; };
		0B89D49827CF1336006FEB36 /* ChemicalNode.swift in Sources */ = {isa = PBXBuildFile; fileRef = 0B89D49727CF1336006FEB36 /* ChemicalNode.swift */; };
		0B89D49B27CF1545006FEB36 /* FireflyContainerView.swift in Sources */ = {isa = PBXBuildFile; fileRef = 0B89D49A27CF1545006FEB36 /* FireflyContainerView.swift */; };
		0B89D49D27CF16C8006FEB36 /* FireflyContainerViewModel.swift in Sources */ = {isa = PBXBuildFile; fileRef = 0B89D49C27CF16C8006FEB36 /* FireflyContainerViewModel.swift */; };
		0B89D49F27CF23DD006FEB36 /* Firefly.swift in Sources */ = {isa = PBXBuildFile; fileRef = 0B89D49E27CF23DD006FEB36 /* Firefly.swift */; };
		0B9B1E2F27C697040021179D /* AppDelegate.swift in Sources */ = {isa = PBXBuildFile; fileRef = 0B9B1E2E27C697040021179D /* AppDelegate.swift */; };
		0B9B1E3127C697040021179D /* ContentView.swift in Sources */ = {isa = PBXBuildFile; fileRef = 0B9B1E3027C697040021179D /* ContentView.swift */; };
		0B9B1E3327C697040021179D /* Experience.rcproject in Sources */ = {isa = PBXBuildFile; fileRef = 0B9B1E3227C697040021179D /* Experience.rcproject */; };
		0B9B1E3527C697050021179D /* Assets.xcassets in Resources */ = {isa = PBXBuildFile; fileRef = 0B9B1E3427C697050021179D /* Assets.xcassets */; };
		0B9B1E3827C697050021179D /* Preview Assets.xcassets in Resources */ = {isa = PBXBuildFile; fileRef = 0B9B1E3727C697050021179D /* Preview Assets.xcassets */; };
		0B9B1E3C27C6A2B20021179D /* KeyboardView.swift in Sources */ = {isa = PBXBuildFile; fileRef = 0B6CD3612703588D00420171 /* KeyboardView.swift */; };
		0B9B1E3D27C6A2B50021179D /* OctaveView.swift in Sources */ = {isa = PBXBuildFile; fileRef = 0B6CD363270362C300420171 /* OctaveView.swift */; };
		0B9B1E3E27C6A2B70021179D /* Oscilator.swift in Sources */ = {isa = PBXBuildFile; fileRef = 0B6CD35F27023B6300420171 /* Oscilator.swift */; };
		0B9B1E3F27C6A2BB0021179D /* Synth.swift in Sources */ = {isa = PBXBuildFile; fileRef = 0B6CD35D27023B3400420171 /* Synth.swift */; };
		0B9B1E4127C6A9D70021179D /* SoundSizerViewModel.swift in Sources */ = {isa = PBXBuildFile; fileRef = 0B9B1E4027C6A9D70021179D /* SoundSizerViewModel.swift */; };
		0B9B1E4327C6E90D0021179D /* TitleView.swift in Sources */ = {isa = PBXBuildFile; fileRef = 0B9B1E4227C6E90D0021179D /* TitleView.swift */; };
		0B9B1E4527C6E9A40021179D /* ARSoundSizerView.swift in Sources */ = {isa = PBXBuildFile; fileRef = 0B9B1E4427C6E9A40021179D /* ARSoundSizerView.swift */; };
		0B9B1E4727C6EB200021179D /* WaveMakerContainerView.swift in Sources */ = {isa = PBXBuildFile; fileRef = 0B9B1E4627C6EB200021179D /* WaveMakerContainerView.swift */; };
		0B9B1E4E27C6F71D0021179D /* WaveMakerView.swift in Sources */ = {isa = PBXBuildFile; fileRef = 0B9B1E4C27C6F71D0021179D /* WaveMakerView.swift */; };
		0B9B1E4F27C6F71D0021179D /* WaveControllerView.swift in Sources */ = {isa = PBXBuildFile; fileRef = 0B9B1E4D27C6F71D0021179D /* WaveControllerView.swift */; };
		0B9B1E5127C6F8F30021179D /* WaveView.swift in Sources */ = {isa = PBXBuildFile; fileRef = 0B9B1E5027C6F8F30021179D /* WaveView.swift */; };
		0BD88B1427C8388C009F514D /* ChemicalWaveView.swift in Sources */ = {isa = PBXBuildFile; fileRef = 0BD88B1327C8388C009F514D /* ChemicalWaveView.swift */; };
		0BD88B1B27C872C3009F514D /* ARProofView.swift in Sources */ = {isa = PBXBuildFile; fileRef = 0BD88B1A27C872C3009F514D /* ARProofView.swift */; };
		0BD88B2327C91CC1009F514D /* ARSoundSizerTests.swift in Sources */ = {isa = PBXBuildFile; fileRef = 0BD88B2227C91CC1009F514D /* ARSoundSizerTests.swift */; };
		0BD88B2A27C91FC9009F514D /* GridProvider.swift in Sources */ = {isa = PBXBuildFile; fileRef = 0BD88B2927C91FC9009F514D /* GridProvider.swift */; };
		0BD88B2C27C92C5A009F514D /* ARProofViewModel.swift in Sources */ = {isa = PBXBuildFile; fileRef = 0BD88B2B27C92C5A009F514D /* ARProofViewModel.swift */; };
/* End PBXBuildFile section */

/* Begin PBXContainerItemProxy section */
		0BD88B2427C91CC1009F514D /* PBXContainerItemProxy */ = {
			isa = PBXContainerItemProxy;
			containerPortal = 0B6CD34427023ABF00420171 /* Project object */;
			proxyType = 1;
			remoteGlobalIDString = 0B9B1E2B27C697040021179D;
			remoteInfo = ARSoundSizer;
		};
/* End PBXContainerItemProxy section */

/* Begin PBXFileReference section */
		0B6CD34C27023ABF00420171 /* SoundSizer2.app */ = {isa = PBXFileReference; explicitFileType = wrapper.application; includeInIndex = 0; path = SoundSizer2.app; sourceTree = BUILT_PRODUCTS_DIR; };
		0B6CD34F27023ABF00420171 /* SoundSizer2App.swift */ = {isa = PBXFileReference; lastKnownFileType = sourcecode.swift; path = SoundSizer2App.swift; sourceTree = "<group>"; };
		0B6CD35127023ABF00420171 /* ContentView.swift */ = {isa = PBXFileReference; lastKnownFileType = sourcecode.swift; path = ContentView.swift; sourceTree = "<group>"; };
		0B6CD35327023AC100420171 /* Assets.xcassets */ = {isa = PBXFileReference; lastKnownFileType = folder.assetcatalog; path = Assets.xcassets; sourceTree = "<group>"; };
		0B6CD35627023AC100420171 /* Preview Assets.xcassets */ = {isa = PBXFileReference; lastKnownFileType = folder.assetcatalog; path = "Preview Assets.xcassets"; sourceTree = "<group>"; };
		0B6CD35D27023B3400420171 /* Synth.swift */ = {isa = PBXFileReference; lastKnownFileType = sourcecode.swift; path = Synth.swift; sourceTree = "<group>"; };
		0B6CD35F27023B6300420171 /* Oscilator.swift */ = {isa = PBXFileReference; lastKnownFileType = sourcecode.swift; path = Oscilator.swift; sourceTree = "<group>"; };
		0B6CD3612703588D00420171 /* KeyboardView.swift */ = {isa = PBXFileReference; lastKnownFileType = sourcecode.swift; path = KeyboardView.swift; sourceTree = "<group>"; };
		0B6CD363270362C300420171 /* OctaveView.swift */ = {isa = PBXFileReference; lastKnownFileType = sourcecode.swift; path = OctaveView.swift; sourceTree = "<group>"; };
		0B89D49527CF120A006FEB36 /* ChemicalWaveViewModel.swift */ = {isa = PBXFileReference; lastKnownFileType = sourcecode.swift; path = ChemicalWaveViewModel.swift; sourceTree = "<group>"; };
		0B89D49727CF1336006FEB36 /* ChemicalNode.swift */ = {isa = PBXFileReference; lastKnownFileType = sourcecode.swift; path = ChemicalNode.swift; sourceTree = "<group>"; };
		0B89D49A27CF1545006FEB36 /* FireflyContainerView.swift */ = {isa = PBXFileReference; lastKnownFileType = sourcecode.swift; path = FireflyContainerView.swift; sourceTree = "<group>"; };
		0B89D49C27CF16C8006FEB36 /* FireflyContainerViewModel.swift */ = {isa = PBXFileReference; lastKnownFileType = sourcecode.swift; path = FireflyContainerViewModel.swift; sourceTree = "<group>"; };
		0B89D49E27CF23DD006FEB36 /* Firefly.swift */ = {isa = PBXFileReference; lastKnownFileType = sourcecode.swift; path = Firefly.swift; sourceTree = "<group>"; };
		0B9B1E2C27C697040021179D /* ARSoundSizer.app */ = {isa = PBXFileReference; explicitFileType = wrapper.application; includeInIndex = 0; path = ARSoundSizer.app; sourceTree = BUILT_PRODUCTS_DIR; };
		0B9B1E2E27C697040021179D /* AppDelegate.swift */ = {isa = PBXFileReference; lastKnownFileType = sourcecode.swift; path = AppDelegate.swift; sourceTree = "<group>"; };
		0B9B1E3027C697040021179D /* ContentView.swift */ = {isa = PBXFileReference; lastKnownFileType = sourcecode.swift; path = ContentView.swift; sourceTree = "<group>"; };
		0B9B1E3227C697040021179D /* Experience.rcproject */ = {isa = PBXFileReference; lastKnownFileType = file.rcproject; path = Experience.rcproject; sourceTree = "<group>"; };
		0B9B1E3427C697050021179D /* Assets.xcassets */ = {isa = PBXFileReference; lastKnownFileType = folder.assetcatalog; path = Assets.xcassets; sourceTree = "<group>"; };
		0B9B1E3727C697050021179D /* Preview Assets.xcassets */ = {isa = PBXFileReference; lastKnownFileType = folder.assetcatalog; path = "Preview Assets.xcassets"; sourceTree = "<group>"; };
		0B9B1E4027C6A9D70021179D /* SoundSizerViewModel.swift */ = {isa = PBXFileReference; lastKnownFileType = sourcecode.swift; path = SoundSizerViewModel.swift; sourceTree = "<group>"; };
		0B9B1E4227C6E90D0021179D /* TitleView.swift */ = {isa = PBXFileReference; lastKnownFileType = sourcecode.swift; path = TitleView.swift; sourceTree = "<group>"; };
		0B9B1E4427C6E9A40021179D /* ARSoundSizerView.swift */ = {isa = PBXFileReference; lastKnownFileType = sourcecode.swift; path = ARSoundSizerView.swift; sourceTree = "<group>"; };
		0B9B1E4627C6EB200021179D /* WaveMakerContainerView.swift */ = {isa = PBXFileReference; lastKnownFileType = sourcecode.swift; path = WaveMakerContainerView.swift; sourceTree = "<group>"; };
		0B9B1E4C27C6F71D0021179D /* WaveMakerView.swift */ = {isa = PBXFileReference; fileEncoding = 4; lastKnownFileType = sourcecode.swift; path = WaveMakerView.swift; sourceTree = "<group>"; };
		0B9B1E4D27C6F71D0021179D /* WaveControllerView.swift */ = {isa = PBXFileReference; fileEncoding = 4; lastKnownFileType = sourcecode.swift; path = WaveControllerView.swift; sourceTree = "<group>"; };
		0B9B1E5027C6F8F30021179D /* WaveView.swift */ = {isa = PBXFileReference; lastKnownFileType = sourcecode.swift; path = WaveView.swift; sourceTree = "<group>"; };
		0BD88B1327C8388C009F514D /* ChemicalWaveView.swift */ = {isa = PBXFileReference; lastKnownFileType = sourcecode.swift; path = ChemicalWaveView.swift; sourceTree = "<group>"; };
		0BD88B1A27C872C3009F514D /* ARProofView.swift */ = {isa = PBXFileReference; lastKnownFileType = sourcecode.swift; path = ARProofView.swift; sourceTree = "<group>"; };
		0BD88B2027C91CC1009F514D /* ARSoundSizerTests.xctest */ = {isa = PBXFileReference; explicitFileType = wrapper.cfbundle; includeInIndex = 0; path = ARSoundSizerTests.xctest; sourceTree = BUILT_PRODUCTS_DIR; };
		0BD88B2227C91CC1009F514D /* ARSoundSizerTests.swift */ = {isa = PBXFileReference; lastKnownFileType = sourcecode.swift; path = ARSoundSizerTests.swift; sourceTree = "<group>"; };
		0BD88B2927C91FC9009F514D /* GridProvider.swift */ = {isa = PBXFileReference; lastKnownFileType = sourcecode.swift; path = GridProvider.swift; sourceTree = "<group>"; };
		0BD88B2B27C92C5A009F514D /* ARProofViewModel.swift */ = {isa = PBXFileReference; lastKnownFileType = sourcecode.swift; path = ARProofViewModel.swift; sourceTree = "<group>"; };
/* End PBXFileReference section */

/* Begin PBXFrameworksBuildPhase section */
		0B6CD34927023ABF00420171 /* Frameworks */ = {
			isa = PBXFrameworksBuildPhase;
			buildActionMask = 2147483647;
			files = (
			);
			runOnlyForDeploymentPostprocessing = 0;
		};
		0B9B1E2927C697040021179D /* Frameworks */ = {
			isa = PBXFrameworksBuildPhase;
			buildActionMask = 2147483647;
			files = (
			);
			runOnlyForDeploymentPostprocessing = 0;
		};
		0BD88B1D27C91CC0009F514D /* Frameworks */ = {
			isa = PBXFrameworksBuildPhase;
			buildActionMask = 2147483647;
			files = (
			);
			runOnlyForDeploymentPostprocessing = 0;
		};
/* End PBXFrameworksBuildPhase section */

/* Begin PBXGroup section */
		0B6CD34327023ABF00420171 = {
			isa = PBXGroup;
			children = (
				0B6CD34E27023ABF00420171 /* SoundSizer2 */,
				0B9B1E2D27C697040021179D /* ARSoundSizer */,
				0BD88B2127C91CC1009F514D /* ARSoundSizerTests */,
				0B6CD34D27023ABF00420171 /* Products */,
			);
			sourceTree = "<group>";
		};
		0B6CD34D27023ABF00420171 /* Products */ = {
			isa = PBXGroup;
			children = (
				0B6CD34C27023ABF00420171 /* SoundSizer2.app */,
				0B9B1E2C27C697040021179D /* ARSoundSizer.app */,
				0BD88B2027C91CC1009F514D /* ARSoundSizerTests.xctest */,
			);
			name = Products;
			sourceTree = "<group>";
		};
		0B6CD34E27023ABF00420171 /* SoundSizer2 */ = {
			isa = PBXGroup;
			children = (
				0B6CD34F27023ABF00420171 /* SoundSizer2App.swift */,
				0B6CD35127023ABF00420171 /* ContentView.swift */,
				0B6CD35D27023B3400420171 /* Synth.swift */,
				0B6CD35F27023B6300420171 /* Oscilator.swift */,
				0B6CD3612703588D00420171 /* KeyboardView.swift */,
				0B6CD363270362C300420171 /* OctaveView.swift */,
				0B6CD35327023AC100420171 /* Assets.xcassets */,
				0B6CD35527023AC100420171 /* Preview Content */,
			);
			path = SoundSizer2;
			sourceTree = "<group>";
		};
		0B6CD35527023AC100420171 /* Preview Content */ = {
			isa = PBXGroup;
			children = (
				0B6CD35627023AC100420171 /* Preview Assets.xcassets */,
			);
			path = "Preview Content";
			sourceTree = "<group>";
		};
		0B89D49927CF14DC006FEB36 /* Fireflies */ = {
			isa = PBXGroup;
			children = (
				0B89D49A27CF1545006FEB36 /* FireflyContainerView.swift */,
				0B89D49C27CF16C8006FEB36 /* FireflyContainerViewModel.swift */,
				0B89D49E27CF23DD006FEB36 /* Firefly.swift */,
			);
			path = Fireflies;
			sourceTree = "<group>";
		};
		0B9B1E2D27C697040021179D /* ARSoundSizer */ = {
			isa = PBXGroup;
			children = (
				0BD88B1527C84A81009F514D /* Title */,
				0BD88B1927C8727D009F514D /* CubesAndSquares */,
				0BD88B1827C84AB5009F514D /* ChemicalWave */,
				0BD88B1727C84AA6009F514D /* WaveMaker */,
				0BD88B1627C84A8F009F514D /* SoundSizer */,
				0B89D49927CF14DC006FEB36 /* Fireflies */,
				0B9B1E2E27C697040021179D /* AppDelegate.swift */,
				0B9B1E3027C697040021179D /* ContentView.swift */,
				0B9B1E3227C697040021179D /* Experience.rcproject */,
				0B9B1E3427C697050021179D /* Assets.xcassets */,
				0B9B1E3627C697050021179D /* Preview Content */,
			);
			path = ARSoundSizer;
			sourceTree = "<group>";
		};
		0B9B1E3627C697050021179D /* Preview Content */ = {
			isa = PBXGroup;
			children = (
				0B9B1E3727C697050021179D /* Preview Assets.xcassets */,
			);
			path = "Preview Content";
			sourceTree = "<group>";
		};
		0BD88B1527C84A81009F514D /* Title */ = {
			isa = PBXGroup;
			children = (
				0B9B1E4227C6E90D0021179D /* TitleView.swift */,
			);
			path = Title;
			sourceTree = "<group>";
		};
		0BD88B1627C84A8F009F514D /* SoundSizer */ = {
			isa = PBXGroup;
			children = (
				0B9B1E4427C6E9A40021179D /* ARSoundSizerView.swift */,
				0B9B1E4027C6A9D70021179D /* SoundSizerViewModel.swift */,
			);
			path = SoundSizer;
			sourceTree = "<group>";
		};
		0BD88B1727C84AA6009F514D /* WaveMaker */ = {
			isa = PBXGroup;
			children = (
				0B9B1E4D27C6F71D0021179D /* WaveControllerView.swift */,
				0B9B1E4627C6EB200021179D /* WaveMakerContainerView.swift */,
				0B9B1E4C27C6F71D0021179D /* WaveMakerView.swift */,
				0B9B1E5027C6F8F30021179D /* WaveView.swift */,
			);
			path = WaveMaker;
			sourceTree = "<group>";
		};
		0BD88B1827C84AB5009F514D /* ChemicalWave */ = {
			isa = PBXGroup;
			children = (
				0BD88B1327C8388C009F514D /* ChemicalWaveView.swift */,
				0B89D49527CF120A006FEB36 /* ChemicalWaveViewModel.swift */,
				0B89D49727CF1336006FEB36 /* ChemicalNode.swift */,
			);
			path = ChemicalWave;
			sourceTree = "<group>";
		};
		0BD88B1927C8727D009F514D /* CubesAndSquares */ = {
			isa = PBXGroup;
			children = (
				0BD88B1A27C872C3009F514D /* ARProofView.swift */,
				0BD88B2927C91FC9009F514D /* GridProvider.swift */,
				0BD88B2B27C92C5A009F514D /* ARProofViewModel.swift */,
			);
			path = CubesAndSquares;
			sourceTree = "<group>";
		};
		0BD88B2127C91CC1009F514D /* ARSoundSizerTests */ = {
			isa = PBXGroup;
			children = (
				0BD88B2227C91CC1009F514D /* ARSoundSizerTests.swift */,
			);
			path = ARSoundSizerTests;
			sourceTree = "<group>";
		};
/* End PBXGroup section */

/* Begin PBXNativeTarget section */
		0B6CD34B27023ABF00420171 /* SoundSizer2 */ = {
			isa = PBXNativeTarget;
			buildConfigurationList = 0B6CD35A27023AC100420171 /* Build configuration list for PBXNativeTarget "SoundSizer2" */;
			buildPhases = (
				0B6CD34827023ABF00420171 /* Sources */,
				0B6CD34927023ABF00420171 /* Frameworks */,
				0B6CD34A27023ABF00420171 /* Resources */,
			);
			buildRules = (
			);
			dependencies = (
			);
			name = SoundSizer2;
			productName = SoundSizer2;
			productReference = 0B6CD34C27023ABF00420171 /* SoundSizer2.app */;
			productType = "com.apple.product-type.application";
		};
		0B9B1E2B27C697040021179D /* ARSoundSizer */ = {
			isa = PBXNativeTarget;
			buildConfigurationList = 0B9B1E3B27C697050021179D /* Build configuration list for PBXNativeTarget "ARSoundSizer" */;
			buildPhases = (
				0B9B1E2827C697040021179D /* Sources */,
				0B9B1E2927C697040021179D /* Frameworks */,
				0B9B1E2A27C697040021179D /* Resources */,
			);
			buildRules = (
			);
			dependencies = (
			);
			name = ARSoundSizer;
			productName = ARSoundSizer;
			productReference = 0B9B1E2C27C697040021179D /* ARSoundSizer.app */;
			productType = "com.apple.product-type.application";
		};
		0BD88B1F27C91CC0009F514D /* ARSoundSizerTests */ = {
			isa = PBXNativeTarget;
			buildConfigurationList = 0BD88B2627C91CC1009F514D /* Build configuration list for PBXNativeTarget "ARSoundSizerTests" */;
			buildPhases = (
				0BD88B1C27C91CC0009F514D /* Sources */,
				0BD88B1D27C91CC0009F514D /* Frameworks */,
				0BD88B1E27C91CC0009F514D /* Resources */,
			);
			buildRules = (
			);
			dependencies = (
				0BD88B2527C91CC1009F514D /* PBXTargetDependency */,
			);
			name = ARSoundSizerTests;
			productName = ARSoundSizerTests;
			productReference = 0BD88B2027C91CC1009F514D /* ARSoundSizerTests.xctest */;
			productType = "com.apple.product-type.bundle.unit-test";
		};
/* End PBXNativeTarget section */

/* Begin PBXProject section */
		0B6CD34427023ABF00420171 /* Project object */ = {
			isa = PBXProject;
			attributes = {
				BuildIndependentTargetsInParallel = 1;
				LastSwiftUpdateCheck = 1320;
				LastUpgradeCheck = 1300;
				TargetAttributes = {
					0B6CD34B27023ABF00420171 = {
						CreatedOnToolsVersion = 13.0;
					};
					0B9B1E2B27C697040021179D = {
						CreatedOnToolsVersion = 13.2.1;
					};
					0BD88B1F27C91CC0009F514D = {
						CreatedOnToolsVersion = 13.2.1;
						TestTargetID = 0B9B1E2B27C697040021179D;
					};
				};
			};
			buildConfigurationList = 0B6CD34727023ABF00420171 /* Build configuration list for PBXProject "SoundSizer2" */;
			compatibilityVersion = "Xcode 13.0";
			developmentRegion = en;
			hasScannedForEncodings = 0;
			knownRegions = (
				en,
				Base,
			);
			mainGroup = 0B6CD34327023ABF00420171;
			productRefGroup = 0B6CD34D27023ABF00420171 /* Products */;
			projectDirPath = "";
			projectRoot = "";
			targets = (
				0B6CD34B27023ABF00420171 /* SoundSizer2 */,
				0B9B1E2B27C697040021179D /* ARSoundSizer */,
				0BD88B1F27C91CC0009F514D /* ARSoundSizerTests */,
			);
		};
/* End PBXProject section */

/* Begin PBXResourcesBuildPhase section */
		0B6CD34A27023ABF00420171 /* Resources */ = {
			isa = PBXResourcesBuildPhase;
			buildActionMask = 2147483647;
			files = (
				0B6CD35727023AC100420171 /* Preview Assets.xcassets in Resources */,
				0B6CD35427023AC100420171 /* Assets.xcassets in Resources */,
			);
			runOnlyForDeploymentPostprocessing = 0;
		};
		0B9B1E2A27C697040021179D /* Resources */ = {
			isa = PBXResourcesBuildPhase;
			buildActionMask = 2147483647;
			files = (
				0B9B1E3827C697050021179D /* Preview Assets.xcassets in Resources */,
				0B9B1E3527C697050021179D /* Assets.xcassets in Resources */,
			);
			runOnlyForDeploymentPostprocessing = 0;
		};
		0BD88B1E27C91CC0009F514D /* Resources */ = {
			isa = PBXResourcesBuildPhase;
			buildActionMask = 2147483647;
			files = (
			);
			runOnlyForDeploymentPostprocessing = 0;
		};
/* End PBXResourcesBuildPhase section */

/* Begin PBXSourcesBuildPhase section */
		0B6CD34827023ABF00420171 /* Sources */ = {
			isa = PBXSourcesBuildPhase;
			buildActionMask = 2147483647;
			files = (
				0B6CD35E27023B3400420171 /* Synth.swift in Sources */,
				0B6CD35227023ABF00420171 /* ContentView.swift in Sources */,
				0B6CD364270362C300420171 /* OctaveView.swift in Sources */,
				0B6CD36027023B6300420171 /* Oscilator.swift in Sources */,
				0B6CD3622703588D00420171 /* KeyboardView.swift in Sources */,
				0B6CD35027023ABF00420171 /* SoundSizer2App.swift in Sources */,
			);
			runOnlyForDeploymentPostprocessing = 0;
		};
		0B9B1E2827C697040021179D /* Sources */ = {
			isa = PBXSourcesBuildPhase;
			buildActionMask = 2147483647;
			files = (
				0BD88B2A27C91FC9009F514D /* GridProvider.swift in Sources */,
				0B89D49827CF1336006FEB36 /* ChemicalNode.swift in Sources */,
				0B89D49627CF120A006FEB36 /* ChemicalWaveViewModel.swift in Sources */,
				0B89D49B27CF1545006FEB36 /* FireflyContainerView.swift in Sources */,
				0BD88B1B27C872C3009F514D /* ARProofView.swift in Sources */,
				0B9B1E3D27C6A2B50021179D /* OctaveView.swift in Sources */,
				0B9B1E4527C6E9A40021179D /* ARSoundSizerView.swift in Sources */,
				0B9B1E3127C697040021179D /* ContentView.swift in Sources */,
				0BD88B1427C8388C009F514D /* ChemicalWaveView.swift in Sources */,
				0BD88B2C27C92C5A009F514D /* ARProofViewModel.swift in Sources */,
				0B9B1E4127C6A9D70021179D /* SoundSizerViewModel.swift in Sources */,
				0B9B1E4E27C6F71D0021179D /* WaveMakerView.swift in Sources */,
				0B89D49D27CF16C8006FEB36 /* FireflyContainerViewModel.swift in Sources */,
				0B9B1E4F27C6F71D0021179D /* WaveControllerView.swift in Sources */,
				0B9B1E3E27C6A2B70021179D /* Oscilator.swift in Sources */,
				0B9B1E3F27C6A2BB0021179D /* Synth.swift in Sources */,
				0B89D49F27CF23DD006FEB36 /* Firefly.swift in Sources */,
				0B9B1E4327C6E90D0021179D /* TitleView.swift in Sources */,
				0B9B1E5127C6F8F30021179D /* WaveView.swift in Sources */,
				0B9B1E3C27C6A2B20021179D /* KeyboardView.swift in Sources */,
				0B9B1E2F27C697040021179D /* AppDelegate.swift in Sources */,
				0B9B1E3327C697040021179D /* Experience.rcproject in Sources */,
				0B9B1E4727C6EB200021179D /* WaveMakerContainerView.swift in Sources */,
			);
			runOnlyForDeploymentPostprocessing = 0;
		};
		0BD88B1C27C91CC0009F514D /* Sources */ = {
			isa = PBXSourcesBuildPhase;
			buildActionMask = 2147483647;
			files = (
				0BD88B2327C91CC1009F514D /* ARSoundSizerTests.swift in Sources */,
			);
			runOnlyForDeploymentPostprocessing = 0;
		};
/* End PBXSourcesBuildPhase section */

/* Begin PBXTargetDependency section */
		0BD88B2527C91CC1009F514D /* PBXTargetDependency */ = {
			isa = PBXTargetDependency;
			target = 0B9B1E2B27C697040021179D /* ARSoundSizer */;
			targetProxy = 0BD88B2427C91CC1009F514D /* PBXContainerItemProxy */;
		};
/* End PBXTargetDependency section */

/* Begin XCBuildConfiguration section */
		0B6CD35827023AC100420171 /* Debug */ = {
			isa = XCBuildConfiguration;
			buildSettings = {
				ALWAYS_SEARCH_USER_PATHS = NO;
				CLANG_ANALYZER_NONNULL = YES;
				CLANG_ANALYZER_NUMBER_OBJECT_CONVERSION = YES_AGGRESSIVE;
				CLANG_CXX_LANGUAGE_STANDARD = "gnu++17";
				CLANG_CXX_LIBRARY = "libc++";
				CLANG_ENABLE_MODULES = YES;
				CLANG_ENABLE_OBJC_ARC = YES;
				CLANG_ENABLE_OBJC_WEAK = YES;
				CLANG_WARN_BLOCK_CAPTURE_AUTORELEASING = YES;
				CLANG_WARN_BOOL_CONVERSION = YES;
				CLANG_WARN_COMMA = YES;
				CLANG_WARN_CONSTANT_CONVERSION = YES;
				CLANG_WARN_DEPRECATED_OBJC_IMPLEMENTATIONS = YES;
				CLANG_WARN_DIRECT_OBJC_ISA_USAGE = YES_ERROR;
				CLANG_WARN_DOCUMENTATION_COMMENTS = YES;
				CLANG_WARN_EMPTY_BODY = YES;
				CLANG_WARN_ENUM_CONVERSION = YES;
				CLANG_WARN_INFINITE_RECURSION = YES;
				CLANG_WARN_INT_CONVERSION = YES;
				CLANG_WARN_NON_LITERAL_NULL_CONVERSION = YES;
				CLANG_WARN_OBJC_IMPLICIT_RETAIN_SELF = YES;
				CLANG_WARN_OBJC_LITERAL_CONVERSION = YES;
				CLANG_WARN_OBJC_ROOT_CLASS = YES_ERROR;
				CLANG_WARN_QUOTED_INCLUDE_IN_FRAMEWORK_HEADER = YES;
				CLANG_WARN_RANGE_LOOP_ANALYSIS = YES;
				CLANG_WARN_STRICT_PROTOTYPES = YES;
				CLANG_WARN_SUSPICIOUS_MOVE = YES;
				CLANG_WARN_UNGUARDED_AVAILABILITY = YES_AGGRESSIVE;
				CLANG_WARN_UNREACHABLE_CODE = YES;
				CLANG_WARN__DUPLICATE_METHOD_MATCH = YES;
				COPY_PHASE_STRIP = NO;
				DEBUG_INFORMATION_FORMAT = dwarf;
				ENABLE_STRICT_OBJC_MSGSEND = YES;
				ENABLE_TESTABILITY = YES;
				GCC_C_LANGUAGE_STANDARD = gnu11;
				GCC_DYNAMIC_NO_PIC = NO;
				GCC_NO_COMMON_BLOCKS = YES;
				GCC_OPTIMIZATION_LEVEL = 0;
				GCC_PREPROCESSOR_DEFINITIONS = (
					"DEBUG=1",
					"$(inherited)",
				);
				GCC_WARN_64_TO_32_BIT_CONVERSION = YES;
				GCC_WARN_ABOUT_RETURN_TYPE = YES_ERROR;
				GCC_WARN_UNDECLARED_SELECTOR = YES;
				GCC_WARN_UNINITIALIZED_AUTOS = YES_AGGRESSIVE;
				GCC_WARN_UNUSED_FUNCTION = YES;
				GCC_WARN_UNUSED_VARIABLE = YES;
				IPHONEOS_DEPLOYMENT_TARGET = 15.0;
				MTL_ENABLE_DEBUG_INFO = INCLUDE_SOURCE;
				MTL_FAST_MATH = YES;
				ONLY_ACTIVE_ARCH = YES;
				SDKROOT = iphoneos;
				SWIFT_ACTIVE_COMPILATION_CONDITIONS = DEBUG;
				SWIFT_OPTIMIZATION_LEVEL = "-Onone";
			};
			name = Debug;
		};
		0B6CD35927023AC100420171 /* Release */ = {
			isa = XCBuildConfiguration;
			buildSettings = {
				ALWAYS_SEARCH_USER_PATHS = NO;
				CLANG_ANALYZER_NONNULL = YES;
				CLANG_ANALYZER_NUMBER_OBJECT_CONVERSION = YES_AGGRESSIVE;
				CLANG_CXX_LANGUAGE_STANDARD = "gnu++17";
				CLANG_CXX_LIBRARY = "libc++";
				CLANG_ENABLE_MODULES = YES;
				CLANG_ENABLE_OBJC_ARC = YES;
				CLANG_ENABLE_OBJC_WEAK = YES;
				CLANG_WARN_BLOCK_CAPTURE_AUTORELEASING = YES;
				CLANG_WARN_BOOL_CONVERSION = YES;
				CLANG_WARN_COMMA = YES;
				CLANG_WARN_CONSTANT_CONVERSION = YES;
				CLANG_WARN_DEPRECATED_OBJC_IMPLEMENTATIONS = YES;
				CLANG_WARN_DIRECT_OBJC_ISA_USAGE = YES_ERROR;
				CLANG_WARN_DOCUMENTATION_COMMENTS = YES;
				CLANG_WARN_EMPTY_BODY = YES;
				CLANG_WARN_ENUM_CONVERSION = YES;
				CLANG_WARN_INFINITE_RECURSION = YES;
				CLANG_WARN_INT_CONVERSION = YES;
				CLANG_WARN_NON_LITERAL_NULL_CONVERSION = YES;
				CLANG_WARN_OBJC_IMPLICIT_RETAIN_SELF = YES;
				CLANG_WARN_OBJC_LITERAL_CONVERSION = YES;
				CLANG_WARN_OBJC_ROOT_CLASS = YES_ERROR;
				CLANG_WARN_QUOTED_INCLUDE_IN_FRAMEWORK_HEADER = YES;
				CLANG_WARN_RANGE_LOOP_ANALYSIS = YES;
				CLANG_WARN_STRICT_PROTOTYPES = YES;
				CLANG_WARN_SUSPICIOUS_MOVE = YES;
				CLANG_WARN_UNGUARDED_AVAILABILITY = YES_AGGRESSIVE;
				CLANG_WARN_UNREACHABLE_CODE = YES;
				CLANG_WARN__DUPLICATE_METHOD_MATCH = YES;
				COPY_PHASE_STRIP = NO;
				DEBUG_INFORMATION_FORMAT = "dwarf-with-dsym";
				ENABLE_NS_ASSERTIONS = NO;
				ENABLE_STRICT_OBJC_MSGSEND = YES;
				GCC_C_LANGUAGE_STANDARD = gnu11;
				GCC_NO_COMMON_BLOCKS = YES;
				GCC_WARN_64_TO_32_BIT_CONVERSION = YES;
				GCC_WARN_ABOUT_RETURN_TYPE = YES_ERROR;
				GCC_WARN_UNDECLARED_SELECTOR = YES;
				GCC_WARN_UNINITIALIZED_AUTOS = YES_AGGRESSIVE;
				GCC_WARN_UNUSED_FUNCTION = YES;
				GCC_WARN_UNUSED_VARIABLE = YES;
				IPHONEOS_DEPLOYMENT_TARGET = 15.0;
				MTL_ENABLE_DEBUG_INFO = NO;
				MTL_FAST_MATH = YES;
				SDKROOT = iphoneos;
				SWIFT_COMPILATION_MODE = wholemodule;
				SWIFT_OPTIMIZATION_LEVEL = "-O";
				VALIDATE_PRODUCT = YES;
			};
			name = Release;
		};
		0B6CD35B27023AC100420171 /* Debug */ = {
			isa = XCBuildConfiguration;
			buildSettings = {
				ASSETCATALOG_COMPILER_APPICON_NAME = AppIcon;
				ASSETCATALOG_COMPILER_GLOBAL_ACCENT_COLOR_NAME = AccentColor;
				CODE_SIGN_STYLE = Automatic;
				CURRENT_PROJECT_VERSION = 1;
				DEVELOPMENT_ASSET_PATHS = "\"SoundSizer2/Preview Content\"";
				DEVELOPMENT_TEAM = L688AU9RCV;
				ENABLE_PREVIEWS = YES;
				GENERATE_INFOPLIST_FILE = YES;
				INFOPLIST_KEY_UIApplicationSceneManifest_Generation = YES;
				INFOPLIST_KEY_UIApplicationSupportsIndirectInputEvents = YES;
				INFOPLIST_KEY_UILaunchScreen_Generation = YES;
				INFOPLIST_KEY_UISupportedInterfaceOrientations_iPad = "UIInterfaceOrientationPortrait UIInterfaceOrientationPortraitUpsideDown UIInterfaceOrientationLandscapeLeft UIInterfaceOrientationLandscapeRight";
				INFOPLIST_KEY_UISupportedInterfaceOrientations_iPhone = "UIInterfaceOrientationPortrait UIInterfaceOrientationLandscapeLeft UIInterfaceOrientationLandscapeRight";
				IPHONEOS_DEPLOYMENT_TARGET = 14.0;
				LD_RUNPATH_SEARCH_PATHS = (
					"$(inherited)",
					"@executable_path/Frameworks",
				);
				MARKETING_VERSION = 1.0;
				PRODUCT_BUNDLE_IDENTIFIER = Penjat.SoundSizer2;
				PRODUCT_NAME = "$(TARGET_NAME)";
				SWIFT_EMIT_LOC_STRINGS = YES;
				SWIFT_VERSION = 5.0;
				TARGETED_DEVICE_FAMILY = "1,2";
			};
			name = Debug;
		};
		0B6CD35C27023AC100420171 /* Release */ = {
			isa = XCBuildConfiguration;
			buildSettings = {
				ASSETCATALOG_COMPILER_APPICON_NAME = AppIcon;
				ASSETCATALOG_COMPILER_GLOBAL_ACCENT_COLOR_NAME = AccentColor;
				CODE_SIGN_STYLE = Automatic;
				CURRENT_PROJECT_VERSION = 1;
				DEVELOPMENT_ASSET_PATHS = "\"SoundSizer2/Preview Content\"";
				DEVELOPMENT_TEAM = L688AU9RCV;
				ENABLE_PREVIEWS = YES;
				GENERATE_INFOPLIST_FILE = YES;
				INFOPLIST_KEY_UIApplicationSceneManifest_Generation = YES;
				INFOPLIST_KEY_UIApplicationSupportsIndirectInputEvents = YES;
				INFOPLIST_KEY_UILaunchScreen_Generation = YES;
				INFOPLIST_KEY_UISupportedInterfaceOrientations_iPad = "UIInterfaceOrientationPortrait UIInterfaceOrientationPortraitUpsideDown UIInterfaceOrientationLandscapeLeft UIInterfaceOrientationLandscapeRight";
				INFOPLIST_KEY_UISupportedInterfaceOrientations_iPhone = "UIInterfaceOrientationPortrait UIInterfaceOrientationLandscapeLeft UIInterfaceOrientationLandscapeRight";
				IPHONEOS_DEPLOYMENT_TARGET = 14.0;
				LD_RUNPATH_SEARCH_PATHS = (
					"$(inherited)",
					"@executable_path/Frameworks",
				);
				MARKETING_VERSION = 1.0;
				PRODUCT_BUNDLE_IDENTIFIER = Penjat.SoundSizer2;
				PRODUCT_NAME = "$(TARGET_NAME)";
				SWIFT_EMIT_LOC_STRINGS = YES;
				SWIFT_VERSION = 5.0;
				TARGETED_DEVICE_FAMILY = "1,2";
			};
			name = Release;
		};
		0B9B1E3927C697050021179D /* Debug */ = {
			isa = XCBuildConfiguration;
			buildSettings = {
				ASSETCATALOG_COMPILER_APPICON_NAME = AppIcon;
				ASSETCATALOG_COMPILER_GLOBAL_ACCENT_COLOR_NAME = AccentColor;
				CODE_SIGN_STYLE = Automatic;
				CURRENT_PROJECT_VERSION = 1;
				DEVELOPMENT_ASSET_PATHS = "\"ARSoundSizer/Preview Content\"";
				DEVELOPMENT_TEAM = L688AU9RCV;
				ENABLE_PREVIEWS = YES;
				GENERATE_INFOPLIST_FILE = YES;
				INFOPLIST_KEY_NSCameraUsageDescription = "";
				INFOPLIST_KEY_UIApplicationSupportsIndirectInputEvents = YES;
				INFOPLIST_KEY_UILaunchScreen_Generation = YES;
				INFOPLIST_KEY_UIRequiredDeviceCapabilities = arkit;
				INFOPLIST_KEY_UIStatusBarHidden = YES;
				INFOPLIST_KEY_UISupportedInterfaceOrientations_iPad = "UIInterfaceOrientationPortrait UIInterfaceOrientationPortraitUpsideDown UIInterfaceOrientationLandscapeLeft UIInterfaceOrientationLandscapeRight";
				INFOPLIST_KEY_UISupportedInterfaceOrientations_iPhone = "UIInterfaceOrientationPortrait UIInterfaceOrientationLandscapeLeft UIInterfaceOrientationLandscapeRight";
				IPHONEOS_DEPLOYMENT_TARGET = 15.2;
				LD_RUNPATH_SEARCH_PATHS = (
					"$(inherited)",
					"@executable_path/Frameworks",
				);
				MARKETING_VERSION = 1.0;
				PRODUCT_BUNDLE_IDENTIFIER = Penjat.ARSoundSizer;
				PRODUCT_NAME = "$(TARGET_NAME)";
				SWIFT_EMIT_LOC_STRINGS = YES;
				SWIFT_VERSION = 5.0;
				TARGETED_DEVICE_FAMILY = "1,2";
			};
			name = Debug;
		};
		0B9B1E3A27C697050021179D /* Release */ = {
			isa = XCBuildConfiguration;
			buildSettings = {
				ASSETCATALOG_COMPILER_APPICON_NAME = AppIcon;
				ASSETCATALOG_COMPILER_GLOBAL_ACCENT_COLOR_NAME = AccentColor;
				CODE_SIGN_STYLE = Automatic;
				CURRENT_PROJECT_VERSION = 1;
				DEVELOPMENT_ASSET_PATHS = "\"ARSoundSizer/Preview Content\"";
				DEVELOPMENT_TEAM = L688AU9RCV;
				ENABLE_PREVIEWS = YES;
				GENERATE_INFOPLIST_FILE = YES;
				INFOPLIST_KEY_NSCameraUsageDescription = "";
				INFOPLIST_KEY_UIApplicationSupportsIndirectInputEvents = YES;
				INFOPLIST_KEY_UILaunchScreen_Generation = YES;
				INFOPLIST_KEY_UIRequiredDeviceCapabilities = arkit;
				INFOPLIST_KEY_UIStatusBarHidden = YES;
				INFOPLIST_KEY_UISupportedInterfaceOrientations_iPad = "UIInterfaceOrientationPortrait UIInterfaceOrientationPortraitUpsideDown UIInterfaceOrientationLandscapeLeft UIInterfaceOrientationLandscapeRight";
				INFOPLIST_KEY_UISupportedInterfaceOrientations_iPhone = "UIInterfaceOrientationPortrait UIInterfaceOrientationLandscapeLeft UIInterfaceOrientationLandscapeRight";
				IPHONEOS_DEPLOYMENT_TARGET = 15.2;
				LD_RUNPATH_SEARCH_PATHS = (
					"$(inherited)",
					"@executable_path/Frameworks",
				);
				MARKETING_VERSION = 1.0;
				PRODUCT_BUNDLE_IDENTIFIER = Penjat.ARSoundSizer;
				PRODUCT_NAME = "$(TARGET_NAME)";
				SWIFT_EMIT_LOC_STRINGS = YES;
				SWIFT_VERSION = 5.0;
				TARGETED_DEVICE_FAMILY = "1,2";
			};
			name = Release;
		};
		0BD88B2727C91CC1009F514D /* Debug */ = {
			isa = XCBuildConfiguration;
			buildSettings = {
				BUNDLE_LOADER = "$(TEST_HOST)";
				CODE_SIGN_STYLE = Automatic;
				CURRENT_PROJECT_VERSION = 1;
				DEVELOPMENT_TEAM = L688AU9RCV;
				GENERATE_INFOPLIST_FILE = YES;
				IPHONEOS_DEPLOYMENT_TARGET = 15.2;
				MARKETING_VERSION = 1.0;
				PRODUCT_BUNDLE_IDENTIFIER = Penjat.ARSoundSizerTests;
				PRODUCT_NAME = "$(TARGET_NAME)";
				SWIFT_EMIT_LOC_STRINGS = NO;
				SWIFT_VERSION = 5.0;
				TARGETED_DEVICE_FAMILY = "1,2";
				TEST_HOST = "$(BUILT_PRODUCTS_DIR)/ARSoundSizer.app/ARSoundSizer";
			};
			name = Debug;
		};
		0BD88B2827C91CC1009F514D /* Release */ = {
			isa = XCBuildConfiguration;
			buildSettings = {
				BUNDLE_LOADER = "$(TEST_HOST)";
				CODE_SIGN_STYLE = Automatic;
				CURRENT_PROJECT_VERSION = 1;
				DEVELOPMENT_TEAM = L688AU9RCV;
				GENERATE_INFOPLIST_FILE = YES;
				IPHONEOS_DEPLOYMENT_TARGET = 15.2;
				MARKETING_VERSION = 1.0;
				PRODUCT_BUNDLE_IDENTIFIER = Penjat.ARSoundSizerTests;
				PRODUCT_NAME = "$(TARGET_NAME)";
				SWIFT_EMIT_LOC_STRINGS = NO;
				SWIFT_VERSION = 5.0;
				TARGETED_DEVICE_FAMILY = "1,2";
				TEST_HOST = "$(BUILT_PRODUCTS_DIR)/ARSoundSizer.app/ARSoundSizer";
			};
			name = Release;
		};
/* End XCBuildConfiguration section */

/* Begin XCConfigurationList section */
		0B6CD34727023ABF00420171 /* Build configuration list for PBXProject "SoundSizer2" */ = {
			isa = XCConfigurationList;
			buildConfigurations = (
				0B6CD35827023AC100420171 /* Debug */,
				0B6CD35927023AC100420171 /* Release */,
			);
			defaultConfigurationIsVisible = 0;
			defaultConfigurationName = Release;
		};
		0B6CD35A27023AC100420171 /* Build configuration list for PBXNativeTarget "SoundSizer2" */ = {
			isa = XCConfigurationList;
			buildConfigurations = (
				0B6CD35B27023AC100420171 /* Debug */,
				0B6CD35C27023AC100420171 /* Release */,
			);
			defaultConfigurationIsVisible = 0;
			defaultConfigurationName = Release;
		};
		0B9B1E3B27C697050021179D /* Build configuration list for PBXNativeTarget "ARSoundSizer" */ = {
			isa = XCConfigurationList;
			buildConfigurations = (
				0B9B1E3927C697050021179D /* Debug */,
				0B9B1E3A27C697050021179D /* Release */,
			);
			defaultConfigurationIsVisible = 0;
			defaultConfigurationName = Release;
		};
		0BD88B2627C91CC1009F514D /* Build configuration list for PBXNativeTarget "ARSoundSizerTests" */ = {
			isa = XCConfigurationList;
			buildConfigurations = (
				0BD88B2727C91CC1009F514D /* Debug */,
				0BD88B2827C91CC1009F514D /* Release */,
			);
			defaultConfigurationIsVisible = 0;
			defaultConfigurationName = Release;
		};
/* End XCConfigurationList section */
	};
	rootObject = 0B6CD34427023ABF00420171 /* Project object */;
}
